
Microsoft Visual Studio Solution File, Format Version 12.00
# Visual Studio Version 17
VisualStudioVersion = 17.6.33815.320
MinimumVisualStudioVersion = 10.0.40219.1
Project("{FAE04EC0-301F-11D3-BF4B-00C04F79EFBC}") = "Dolgozat", "Dolgozat.csproj", "{3E993366-1D42-4105-B5C2-05078C892FDE}"
EndProject
Global
	GlobalSection(SolutionConfigurationPlatforms) = preSolution
		Debug|Any CPU = Debug|Any CPU
		Release|Any CPU = Release|Any CPU
	EndGlobalSection
	GlobalSection(ProjectConfigurationPlatforms) = postSolution
		{3E993366-1D42-4105-B5C2-05078C892FDE}.Debug|Any CPU.ActiveCfg = Debug|Any CPU
		{3E993366-1D42-4105-B5C2-05078C892FDE}.Debug|Any CPU.Build.0 = Debug|Any CPU
		{3E993366-1D42-4105-B5C2-05078C892FDE}.Release|Any CPU.ActiveCfg = Release|Any CPU
		{3E993366-1D42-4105-B5C2-05078C892FDE}.Release|Any CPU.Build.0 = Release|Any CPU
	EndGlobalSection
	GlobalSection(SolutionProperties) = preSolution
		HideSolutionNode = FALSE
	EndGlobalSection
	GlobalSection(ExtensibilityGlobals) = postSolution
		SolutionGuid = {74ACB028-F2E8-46FA-B1CE-57E2E11A3987}
	EndGlobalSection
EndGlobal
